
Microsoft Visual Studio Solution File, Format Version 12.00
# Visual Studio Version 17
VisualStudioVersion = 17.2.32616.157
MinimumVisualStudioVersion = 10.0.40219.1
Project("{FAE04EC0-301F-11D3-BF4B-00C04F79EFBC}") = "ATMApp", "ATMApp\ATMApp.csproj", "{FFE6C031-8DBB-4B71-A5B1-E747201AF03D}"
EndProject
Global
	GlobalSection(SolutionConfigurationPlatforms) = preSolution
		Debug|Any CPU = Debug|Any CPU
		Release|Any CPU = Release|Any CPU
	EndGlobalSection
	GlobalSection(ProjectConfigurationPlatforms) = postSolution
		{FFE6C031-8DBB-4B71-A5B1-E747201AF03D}.Debug|Any CPU.ActiveCfg = Debug|Any CPU
		{FFE6C031-8DBB-4B71-A5B1-E747201AF03D}.Debug|Any CPU.Build.0 = Debug|Any CPU
		{FFE6C031-8DBB-4B71-A5B1-E747201AF03D}.Release|Any CPU.ActiveCfg = Release|Any CPU
		{FFE6C031-8DBB-4B71-A5B1-E747201AF03D}.Release|Any CPU.Build.0 = Release|Any CPU
	EndGlobalSection
	GlobalSection(SolutionProperties) = preSolution
		HideSolutionNode = FALSE
	EndGlobalSection
	GlobalSection(ExtensibilityGlobals) = postSolution
		SolutionGuid = {4BB4089B-07BA-4BF7-B531-28674C4864F1}
	EndGlobalSection
EndGlobal
